lockVersion: 2.0.0
id: 6be0ff6b-aa40-4b34-a3eb-72d091b3c545
management:
  docChecksum: beac9c0940102e94280a709511774c46
  docVersion: 3.2.0
  speakeasyVersion: internal
  generationVersion: 2.404.10
  releaseVersion: 0.2.0
  configChecksum: 2284b4e17ce83208fa0f4b8a9943df69
  repoURL: https://github.com/BoltApp/Bolt-CSharp-SDK.git
features:
  csharp:
    additionalDependencies: 0.1.0
    core: 3.9.16
    errorUnions: 0.1.0
    flattening: 2.81.2
    globalSecurity: 2.83.6
    globalSecurityCallbacks: 0.1.0
    globalServerURLs: 2.82.3
    groups: 2.81.2
    ignores: 2.81.1
    inputOutputModels: 2.83.0
    intellisenseMarkdownSupport: 0.1.0
    methodSecurity: 2.82.1
    nameOverrides: 2.81.2
    responseFormat: 0.0.4
    sdkHooks: 0.1.0
    unions: 0.2.1
generatedFiles:
  - Boltpay/SDK/Account.cs
  - Boltpay/SDK/LoggedIn.cs
  - Boltpay/SDK/Guest.cs
  - Boltpay/SDK/Payments.cs
  - Boltpay/SDK/Orders.cs
  - Boltpay/SDK/OAuth.cs
  - Boltpay/SDK/Testing.cs
  - Boltpay/SDK/BoltSDK.cs
  - global.json
  - Boltpay.SDK.sln
  - Boltpay/SDK/Utils/AnyDeserializer.cs
  - Boltpay/SDK/Utils/BigIntStrConverter.cs
  - Boltpay/SDK/Utils/DecimalStrConverter.cs
  - Boltpay/SDK/Utils/EnumConverter.cs
  - Boltpay/SDK/Utils/FlexibleObjectDeserializer.cs
  - Boltpay/SDK/Utils/HeaderSerializer.cs
  - Boltpay/SDK/Utils/IsoDateTimeSerializer.cs
  - Boltpay/SDK/Utils/RequestBodySerializer.cs
  - Boltpay/SDK/Utils/ResponseBodyDeserializer.cs
  - Boltpay/SDK/Utils/Retries/BackoffStrategy.cs
  - Boltpay/SDK/Utils/Retries/Retries.cs
  - Boltpay/SDK/Utils/Retries/RetryConfig.cs
  - Boltpay/SDK/Utils/SecurityMetadata.cs
  - Boltpay/SDK/Utils/SpeakeasyHttpClient.cs
  - Boltpay/SDK/Utils/SpeakeasyMetadata.cs
  - Boltpay/SDK/Utils/URLBuilder.cs
  - Boltpay/SDK/Utils/Utilities.cs
  - Boltpay/SDK/Boltpay.SDK.csproj
  - Boltpay/SDK/Models/Errors/SDKException.cs
  - Boltpay/SDK/Models/Requests/AccountGetRequest.cs
  - Boltpay/SDK/Models/Requests/AccountGetResponse.cs
  - Boltpay/SDK/Models/Requests/AccountAddressCreateRequest.cs
  - Boltpay/SDK/Models/Requests/AccountAddressCreateResponse.cs
  - Boltpay/SDK/Models/Requests/AccountAddressEditRequest.cs
  - Boltpay/SDK/Models/Requests/AccountAddressEditResponse.cs
  - Boltpay/SDK/Models/Requests/AccountAddressDeleteRequest.cs
  - Boltpay/SDK/Models/Requests/AccountAddressDeleteResponse.cs
  - Boltpay/SDK/Models/Requests/AccountAddPaymentMethodRequest.cs
  - Boltpay/SDK/Models/Requests/AccountAddPaymentMethodResponse.cs
  - Boltpay/SDK/Models/Requests/AccountPaymentMethodDeleteRequest.cs
  - Boltpay/SDK/Models/Requests/AccountPaymentMethodDeleteResponse.cs
  - Boltpay/SDK/Models/Requests/PaymentsInitializeRequest.cs
  - Boltpay/SDK/Models/Requests/PaymentsInitializeResponse.cs
  - Boltpay/SDK/Models/Requests/PaymentsActionRequest.cs
  - Boltpay/SDK/Models/Requests/PaymentsActionResponse.cs
  - Boltpay/SDK/Models/Requests/GuestPaymentsInitializeSecurity.cs
  - Boltpay/SDK/Models/Requests/GuestPaymentsInitializeRequest.cs
  - Boltpay/SDK/Models/Requests/GuestPaymentsInitializeResponse.cs
  - Boltpay/SDK/Models/Requests/GuestPaymentsActionSecurity.cs
  - Boltpay/SDK/Models/Requests/GuestPaymentsActionRequest.cs
  - Boltpay/SDK/Models/Requests/GuestPaymentsActionResponse.cs
  - Boltpay/SDK/Models/Requests/OrdersCreateSecurity.cs
  - Boltpay/SDK/Models/Requests/OrdersCreateRequest.cs
  - Boltpay/SDK/Models/Requests/OrdersCreateResponse.cs
  - Boltpay/SDK/Models/Requests/OauthGetTokenRequest.cs
  - Boltpay/SDK/Models/Requests/OauthGetTokenResponse.cs
  - Boltpay/SDK/Models/Requests/TestingAccountCreateSecurity.cs
  - Boltpay/SDK/Models/Requests/TestingAccountCreateRequest.cs
  - Boltpay/SDK/Models/Requests/TestingAccountCreateResponse.cs
  - Boltpay/SDK/Models/Requests/TestingAccountPhoneGetSecurity.cs
  - Boltpay/SDK/Models/Requests/TestingAccountPhoneGetRequest.cs
  - Boltpay/SDK/Models/Requests/TestingAccountPhoneGetResponse.cs
  - Boltpay/SDK/Models/Requests/TestingCreditCardGetSecurity.cs
  - Boltpay/SDK/Models/Requests/Type.cs
  - Boltpay/SDK/Models/Requests/TestingCreditCardGetRequestBody.cs
  - Boltpay/SDK/Models/Requests/TestingCreditCardGetResponse.cs
  - Boltpay/SDK/Models/Components/Account.cs
  - Boltpay/SDK/Models/Components/Profile.cs
  - Boltpay/SDK/Models/Components/PaymentMethod.cs
  - Boltpay/SDK/Models/Components/DotTag.cs
  - Boltpay/SDK/Models/Components/PaymentMethodCreditCard.cs
  - Boltpay/SDK/Models/Components/CreditCardNetwork.cs
  - Boltpay/SDK/Models/Components/AddressReference.cs
  - Boltpay/SDK/Models/Components/AddressReferenceIdTag.cs
  - Boltpay/SDK/Models/Components/AddressReferenceId.cs
  - Boltpay/SDK/Models/Components/AddressReferenceExplicitTag.cs
  - Boltpay/SDK/Models/Components/AddressReferenceExplicit.cs
  - Boltpay/SDK/Models/Components/CountryCode.cs
  - Boltpay/SDK/Models/Components/PaymentMethodPaypalTag.cs
  - Boltpay/SDK/Models/Components/PaymentMethodPaypalOutput.cs
  - Boltpay/SDK/Models/Components/PaymentMethodAffirmTag.cs
  - Boltpay/SDK/Models/Components/PaymentMethodAffirmOutput.cs
  - Boltpay/SDK/Models/Components/PaymentMethodAfterpayTag.cs
  - Boltpay/SDK/Models/Components/PaymentMethodAfterpayOutput.cs
  - Boltpay/SDK/Models/Components/PaymentMethodKlarnaTag.cs
  - Boltpay/SDK/Models/Components/PaymentMethodKlarnaOutput.cs
  - Boltpay/SDK/Models/Components/PaymentMethodKlarnaAccountTag.cs
  - Boltpay/SDK/Models/Components/PaymentMethodKlarnaAccountOutput.cs
  - Boltpay/SDK/Models/Components/PaymentMethodKlarnaPaynowTag.cs
  - Boltpay/SDK/Models/Components/PaymentMethodKlarnaPaynowOutput.cs
  - Boltpay/SDK/Models/Components/AddressListing.cs
  - Boltpay/SDK/Models/Components/HTTPMetadata.cs
  - Boltpay/SDK/Models/Components/AddressListingInput.cs
  - Boltpay/SDK/Models/Components/PaymentMethodInput.cs
  - Boltpay/SDK/Models/Components/PaymentMethodCreditCardInput.cs
  - Boltpay/SDK/Models/Components/AddressReferenceInput.cs
  - Boltpay/SDK/Models/Components/AddressReferenceExplicitInput.cs
  - Boltpay/SDK/Models/Components/PaymentMethodPaypal.cs
  - Boltpay/SDK/Models/Components/PaymentMethodAffirm.cs
  - Boltpay/SDK/Models/Components/PaymentMethodAfterpay.cs
  - Boltpay/SDK/Models/Components/PaymentMethodKlarna.cs
  - Boltpay/SDK/Models/Components/PaymentMethodKlarnaAccount.cs
  - Boltpay/SDK/Models/Components/PaymentMethodKlarnaPaynow.cs
  - Boltpay/SDK/Models/Components/PaymentResponse.cs
  - Boltpay/SDK/Models/Components/PaymentResponseFinalizedTag.cs
  - Boltpay/SDK/Models/Components/Status.cs
  - Boltpay/SDK/Models/Components/PaymentResponseFinalized.cs
  - Boltpay/SDK/Models/Components/Transaction.cs
  - Boltpay/SDK/Models/Components/PaymentResponsePendingTag.cs
  - Boltpay/SDK/Models/Components/PaymentResponsePendingStatus.cs
  - Boltpay/SDK/Models/Components/Action.cs
  - Boltpay/SDK/Models/Components/PaymentResponsePending.cs
  - Boltpay/SDK/Models/Components/PaymentInitializeRequest.cs
  - Boltpay/SDK/Models/Components/PaymentMethodExtended.cs
  - Boltpay/SDK/Models/Components/PaymentMethodReferenceTag.cs
  - Boltpay/SDK/Models/Components/PaymentMethodReference.cs
  - Boltpay/SDK/Models/Components/Cart.cs
  - Boltpay/SDK/Models/Components/Currency.cs
  - Boltpay/SDK/Models/Components/Amount.cs
  - Boltpay/SDK/Models/Components/CartItem.cs
  - Boltpay/SDK/Models/Components/CartDiscount.cs
  - Boltpay/SDK/Models/Components/CartShipment.cs
  - Boltpay/SDK/Models/Components/PaymentActionRequestTag.cs
  - Boltpay/SDK/Models/Components/PaymentActionRequest.cs
  - Boltpay/SDK/Models/Components/GuestPaymentInitializeRequest.cs
  - Boltpay/SDK/Models/Components/ProfileCreationData.cs
  - Boltpay/SDK/Models/Components/OrderResponse.cs
  - Boltpay/SDK/Models/Components/Order.cs
  - Boltpay/SDK/Models/Components/GetAccessTokenResponse.cs
  - Boltpay/SDK/Models/Components/TokenRequest.cs
  - Boltpay/SDK/Models/Components/GrantType.cs
  - Boltpay/SDK/Models/Components/Scope.cs
  - Boltpay/SDK/Models/Components/AuthorizationCodeRequest.cs
  - Boltpay/SDK/Models/Components/RefreshTokenRequestGrantType.cs
  - Boltpay/SDK/Models/Components/RefreshTokenRequestScope.cs
  - Boltpay/SDK/Models/Components/RefreshTokenRequest.cs
  - Boltpay/SDK/Models/Components/EmailState.cs
  - Boltpay/SDK/Models/Components/PhoneState.cs
  - Boltpay/SDK/Models/Components/AccountTestCreationDataOutput.cs
  - Boltpay/SDK/Models/Components/AccountTestCreationData.cs
  - Boltpay/SDK/Models/Components/AccountTestPhoneData.cs
  - Boltpay/SDK/Models/Components/TestCreditCard.cs
  - Boltpay/SDK/Models/Components/Security.cs
  - Boltpay/SDK/Models/Errors/Response4xx.cs
  - Boltpay/SDK/Models/Errors/DotTag.cs
  - Boltpay/SDK/Models/Errors/Error.cs
  - Boltpay/SDK/Models/Errors/FieldErrorTag.cs
  - Boltpay/SDK/Models/Errors/FieldError.cs
  - Boltpay/SDK/Models/Errors/ResponseAddressError.cs
  - Boltpay/SDK/Models/Errors/ResponsePaymentMethodError.cs
  - Boltpay/SDK/Models/Errors/CreditCardErrorTag.cs
  - Boltpay/SDK/Models/Errors/CreditCardError.cs
  - Boltpay/SDK/Models/Errors/ResponsePaymentError.cs
  - Boltpay/SDK/Models/Errors/CartErrorTag.cs
  - Boltpay/SDK/Models/Errors/CartError.cs
  - docs/Models/Requests/AccountGetRequest.md
  - docs/Models/Requests/AccountGetResponse.md
  - docs/Models/Requests/AccountAddressCreateRequest.md
  - docs/Models/Requests/AccountAddressCreateResponse.md
  - docs/Models/Requests/AccountAddressEditRequest.md
  - docs/Models/Requests/AccountAddressEditResponse.md
  - docs/Models/Requests/AccountAddressDeleteRequest.md
  - docs/Models/Requests/AccountAddressDeleteResponse.md
  - docs/Models/Requests/AccountAddPaymentMethodRequest.md
  - docs/Models/Requests/AccountAddPaymentMethodResponse.md
  - docs/Models/Requests/AccountPaymentMethodDeleteRequest.md
  - docs/Models/Requests/AccountPaymentMethodDeleteResponse.md
  - docs/Models/Requests/PaymentsInitializeRequest.md
  - docs/Models/Requests/PaymentsInitializeResponse.md
  - docs/Models/Requests/PaymentsActionRequest.md
  - docs/Models/Requests/PaymentsActionResponse.md
  - docs/Models/Requests/GuestPaymentsInitializeSecurity.md
  - docs/Models/Requests/GuestPaymentsInitializeRequest.md
  - docs/Models/Requests/GuestPaymentsInitializeResponse.md
  - docs/Models/Requests/GuestPaymentsActionSecurity.md
  - docs/Models/Requests/GuestPaymentsActionRequest.md
  - docs/Models/Requests/GuestPaymentsActionResponse.md
  - docs/Models/Requests/OrdersCreateSecurity.md
  - docs/Models/Requests/OrdersCreateRequest.md
  - docs/Models/Requests/OrdersCreateResponse.md
  - docs/Models/Requests/OauthGetTokenRequest.md
  - docs/Models/Requests/OauthGetTokenResponse.md
  - docs/Models/Requests/TestingAccountCreateSecurity.md
  - docs/Models/Requests/TestingAccountCreateRequest.md
  - docs/Models/Requests/TestingAccountCreateResponse.md
  - docs/Models/Requests/TestingAccountPhoneGetSecurity.md
  - docs/Models/Requests/TestingAccountPhoneGetRequest.md
  - docs/Models/Requests/TestingAccountPhoneGetResponse.md
  - docs/Models/Requests/TestingCreditCardGetSecurity.md
  - docs/Models/Requests/Type.md
  - docs/Models/Requests/TestingCreditCardGetRequestBody.md
  - docs/Models/Requests/TestingCreditCardGetResponse.md
  - docs/Models/Components/Account.md
  - docs/Models/Components/Profile.md
  - docs/Models/Components/PaymentMethod.md
  - docs/Models/Components/DotTag.md
  - docs/Models/Components/PaymentMethodCreditCard.md
  - docs/Models/Components/CreditCardNetwork.md
  - docs/Models/Components/AddressReference.md
  - docs/Models/Components/AddressReferenceIdTag.md
  - docs/Models/Components/AddressReferenceId.md
  - docs/Models/Components/AddressReferenceExplicitTag.md
  - docs/Models/Components/AddressReferenceExplicit.md
  - docs/Models/Components/CountryCode.md
  - docs/Models/Components/PaymentMethodPaypalTag.md
  - docs/Models/Components/PaymentMethodPaypalOutput.md
  - docs/Models/Components/PaymentMethodAffirmTag.md
  - docs/Models/Components/PaymentMethodAffirmOutput.md
  - docs/Models/Components/PaymentMethodAfterpayTag.md
  - docs/Models/Components/PaymentMethodAfterpayOutput.md
  - docs/Models/Components/PaymentMethodKlarnaTag.md
  - docs/Models/Components/PaymentMethodKlarnaOutput.md
  - docs/Models/Components/PaymentMethodKlarnaAccountTag.md
  - docs/Models/Components/PaymentMethodKlarnaAccountOutput.md
  - docs/Models/Components/PaymentMethodKlarnaPaynowTag.md
  - docs/Models/Components/PaymentMethodKlarnaPaynowOutput.md
  - docs/Models/Components/AddressListing.md
  - docs/Models/Components/HTTPMetadata.md
  - docs/Models/Components/PaymentResponse.md
  - docs/Models/Components/PaymentResponseFinalizedTag.md
  - docs/Models/Components/Status.md
  - docs/Models/Components/PaymentResponseFinalized.md
  - docs/Models/Components/Transaction.md
  - docs/Models/Components/PaymentResponsePendingTag.md
  - docs/Models/Components/PaymentResponsePendingStatus.md
  - docs/Models/Components/Action.md
  - docs/Models/Components/PaymentResponsePending.md
  - docs/Models/Components/PaymentInitializeRequest.md
  - docs/Models/Components/PaymentMethodExtended.md
  - docs/Models/Components/PaymentMethodReferenceTag.md
  - docs/Models/Components/PaymentMethodReference.md
  - docs/Models/Components/Cart.md
  - docs/Models/Components/Currency.md
  - docs/Models/Components/Amount.md
  - docs/Models/Components/CartItem.md
  - docs/Models/Components/CartDiscount.md
  - docs/Models/Components/CartShipment.md
  - docs/Models/Components/PaymentActionRequestTag.md
  - docs/Models/Components/PaymentActionRequest.md
  - docs/Models/Components/GuestPaymentInitializeRequest.md
  - docs/Models/Components/ProfileCreationData.md
  - docs/Models/Components/OrderResponse.md
  - docs/Models/Components/Order.md
  - docs/Models/Components/GetAccessTokenResponse.md
  - docs/Models/Components/TokenRequest.md
  - docs/Models/Components/GrantType.md
  - docs/Models/Components/Scope.md
  - docs/Models/Components/AuthorizationCodeRequest.md
  - docs/Models/Components/RefreshTokenRequestGrantType.md
  - docs/Models/Components/RefreshTokenRequestScope.md
  - docs/Models/Components/RefreshTokenRequest.md
  - docs/Models/Components/EmailState.md
  - docs/Models/Components/PhoneState.md
  - docs/Models/Components/AccountTestCreationDataOutput.md
  - docs/Models/Components/AccountTestPhoneData.md
  - docs/Models/Components/TestCreditCard.md
  - docs/Models/Components/Security.md
  - docs/Models/Errors/Response4xx.md
  - docs/Models/Errors/DotTag.md
  - docs/Models/Errors/Error.md
  - docs/Models/Errors/FieldErrorTag.md
  - docs/Models/Errors/FieldError.md
  - docs/Models/Errors/ResponseAddressError.md
  - docs/Models/Errors/ResponsePaymentMethodError.md
  - docs/Models/Errors/CreditCardErrorTag.md
  - docs/Models/Errors/CreditCardError.md
  - docs/Models/Errors/ResponsePaymentError.md
  - docs/Models/Errors/CartErrorTag.md
  - docs/Models/Errors/CartError.md
  - docs/sdks/boltsdk/README.md
  - docs/sdks/account/README.md
  - docs/sdks/payments/README.md
  - docs/sdks/loggedin/README.md
  - docs/sdks/guest/README.md
  - docs/sdks/orders/README.md
  - docs/sdks/oauth/README.md
  - docs/sdks/testing/README.md
  - USAGE.md
  - .gitattributes
  - Boltpay/SDK/Hooks/SDKHooks.cs
  - Boltpay/SDK/Hooks/HookTypes.cs
  - CONTRIBUTING.md
