speakeasyVersion: internal
sources:
    bolt-csharp-api:
        sourceNamespace: bolt-csharp-api
        sourceRevisionDigest: sha256:7cf2f95e80bcf55bcfda06d7c45988074ae88241aa57404a3bd6ee6a8ce11525
        sourceBlobDigest: sha256:27d07c65383b445e0fd3a098783adeabae528de8fda49d2e814fb07322139a63
        tags:
            - latest
            - master
targets:
    bolt-sdk:
        source: bolt-csharp-api
        sourceNamespace: bolt-csharp-api
        sourceRevisionDigest: sha256:7cf2f95e80bcf55bcfda06d7c45988074ae88241aa57404a3bd6ee6a8ce11525
        sourceBlobDigest: sha256:27d07c65383b445e0fd3a098783adeabae528de8fda49d2e814fb07322139a63
workflow:
    workflowVersion: 1.0.0
    speakeasyVersion: latest
    sources:
        bolt-csharp-api:
            inputs:
                - location: https://api-docs.bolt.com/api.bundle.yaml
            registry:
                location: registry.speakeasyapi.dev/bolt/boltpublicapi/bolt-csharp-api
    targets:
        bolt-sdk:
            target: csharp
            source: bolt-csharp-api
