speakeasyVersion: 1.343.0
sources:
    bolt-csharp-api:
        sourceNamespace: bolt-csharp-api
        sourceRevisionDigest: sha256:db3b4aa375e37ee2decce246cc3da3d423d1ff70f91fb07587fcc7691be35b5f
        sourceBlobDigest: sha256:7a91be379d22da373358989e5d3966989afcc5b13c5d65e50a3c91acea2e0a17
        tags:
            - latest
            - master
targets:
    bolt-sdk:
        source: bolt-csharp-api
        sourceNamespace: bolt-csharp-api
        sourceRevisionDigest: sha256:db3b4aa375e37ee2decce246cc3da3d423d1ff70f91fb07587fcc7691be35b5f
        sourceBlobDigest: sha256:7a91be379d22da373358989e5d3966989afcc5b13c5d65e50a3c91acea2e0a17
        outLocation: /github/workspace/repo
workflow:
    workflowVersion: 1.0.0
    speakeasyVersion: latest
    sources:
        bolt-csharp-api:
            inputs:
                - location: https://api-docs.bolt.com/api.bundle.yaml
            registry:
                location: registry.speakeasyapi.dev/bolt/boltpublicapi/bolt-csharp-api
    targets:
        bolt-sdk:
            target: csharp
            source: bolt-csharp-api
