speakeasyVersion: 1.335.0
sources:
    bolt-csharp-api:
        sourceNamespace: bolt-csharp-api
        sourceRevisionDigest: sha256:c3a777d13cc74ca1c3bd6939c6dfbc029e49bc1339736b7f234289036e8c1735
        sourceBlobDigest: sha256:a77794aed1632fc0b912bb540d7fd20c2bfa147dc0c9b31b217d34f8e9b1af69
        tags:
            - latest
            - master
targets:
    bolt-sdk:
        source: bolt-csharp-api
        sourceNamespace: bolt-csharp-api
        sourceRevisionDigest: sha256:c3a777d13cc74ca1c3bd6939c6dfbc029e49bc1339736b7f234289036e8c1735
        sourceBlobDigest: sha256:a77794aed1632fc0b912bb540d7fd20c2bfa147dc0c9b31b217d34f8e9b1af69
        outLocation: /github/workspace/repo
workflow:
    workflowVersion: 1.0.0
    speakeasyVersion: latest
    sources:
        bolt-csharp-api:
            inputs:
                - location: https://api-docs.bolt.com/api.bundle.yaml
            registry:
                location: registry.speakeasyapi.dev/bolt/boltpublicapi/bolt-csharp-api
    targets:
        bolt-sdk:
            target: csharp
            source: bolt-csharp-api
